
Microsoft Visual Studio Solution File, Format Version 12.00
# Visual Studio 14
VisualStudioVersion = 14.0.25123.0
MinimumVisualStudioVersion = 10.0.40219.1
Project("{FAE04EC0-301F-11D3-BF4B-00C04F79EFBC}") = "Memos", "Memos\Memos.csproj", "{EE242808-2B28-40DB-BEB3-5A00041A3908}"
EndProject
Global
	GlobalSection(SolutionConfigurationPlatforms) = preSolution
		Debug|Any CPU = Debug|Any CPU
		Release|Any CPU = Release|Any CPU
	EndGlobalSection
	GlobalSection(ProjectConfigurationPlatforms) = postSolution
		{EE242808-2B28-40DB-BEB3-5A00041A3908}.Debug|Any CPU.ActiveCfg = Debug|Any CPU
		{EE242808-2B28-40DB-BEB3-5A00041A3908}.Debug|Any CPU.Build.0 = Debug|Any CPU
		{EE242808-2B28-40DB-BEB3-5A00041A3908}.Release|Any CPU.ActiveCfg = Release|Any CPU
		{EE242808-2B28-40DB-BEB3-5A00041A3908}.Release|Any CPU.Build.0 = Release|Any CPU
	EndGlobalSection
	GlobalSection(SolutionProperties) = preSolution
		HideSolutionNode = FALSE
	EndGlobalSection
EndGlobal
